
Microsoft Visual Studio Solution File, Format Version 12.00
# Visual Studio Version 16
VisualStudioVersion = 16.0.32901.82
MinimumVisualStudioVersion = 10.0.40219.1
Project("{9A19103F-16F7-4668-BE54-9A1E7A4F7556}") = "MID", "MID\MID.csproj", "{A2037DB7-07D7-443F-9840-8A0BBF5589FA}"
EndProject
Global
	GlobalSection(SolutionConfigurationPlatforms) = preSolution
		Debug|Any CPU = Debug|Any CPU
		Release|Any CPU = Release|Any CPU
	EndGlobalSection
	GlobalSection(ProjectConfigurationPlatforms) = postSolution
		{A2037DB7-07D7-443F-9840-8A0BBF5589FA}.Debug|Any CPU.ActiveCfg = Debug|Any CPU
		{A2037DB7-07D7-443F-9840-8A0BBF5589FA}.Debug|Any CPU.Build.0 = Debug|Any CPU
		{A2037DB7-07D7-443F-9840-8A0BBF5589FA}.Release|Any CPU.ActiveCfg = Release|Any CPU
		{A2037DB7-07D7-443F-9840-8A0BBF5589FA}.Release|Any CPU.Build.0 = Release|Any CPU
	EndGlobalSection
	GlobalSection(SolutionProperties) = preSolution
		HideSolutionNode = FALSE
	EndGlobalSection
	GlobalSection(ExtensibilityGlobals) = postSolution
		SolutionGuid = {92E29695-4782-4F96-AD07-852A23339A0D}
	EndGlobalSection
EndGlobal
