
Microsoft Visual Studio Solution File, Format Version 12.00
# Visual Studio Version 16
VisualStudioVersion = 16.0.32901.82
MinimumVisualStudioVersion = 10.0.40219.1
Project("{FAE04EC0-301F-11D3-BF4B-00C04F79EFBC}") = "bubble sorting", "sorting\bubble sorting.csproj", "{BDEF2A72-B77D-46D9-B796-24AD9A0515C1}"
EndProject
Project("{FAE04EC0-301F-11D3-BF4B-00C04F79EFBC}") = "sorting by choice", "sorting by choice\sorting by choice.csproj", "{84BBFECE-199B-4007-B3B1-890FCA6CE3F2}"
EndProject
Project("{FAE04EC0-301F-11D3-BF4B-00C04F79EFBC}") = "sorting by inserts", "search sorting\sorting by inserts.csproj", "{882A83A0-0C97-497E-9DEA-5B12BB0F2890}"
EndProject
Global
	GlobalSection(SolutionConfigurationPlatforms) = preSolution
		Debug|Any CPU = Debug|Any CPU
		Release|Any CPU = Release|Any CPU
	EndGlobalSection
	GlobalSection(ProjectConfigurationPlatforms) = postSolution
		{BDEF2A72-B77D-46D9-B796-24AD9A0515C1}.Debug|Any CPU.ActiveCfg = Debug|Any CPU
		{BDEF2A72-B77D-46D9-B796-24AD9A0515C1}.Debug|Any CPU.Build.0 = Debug|Any CPU
		{BDEF2A72-B77D-46D9-B796-24AD9A0515C1}.Release|Any CPU.ActiveCfg = Release|Any CPU
		{BDEF2A72-B77D-46D9-B796-24AD9A0515C1}.Release|Any CPU.Build.0 = Release|Any CPU
		{84BBFECE-199B-4007-B3B1-890FCA6CE3F2}.Debug|Any CPU.ActiveCfg = Debug|Any CPU
		{84BBFECE-199B-4007-B3B1-890FCA6CE3F2}.Debug|Any CPU.Build.0 = Debug|Any CPU
		{84BBFECE-199B-4007-B3B1-890FCA6CE3F2}.Release|Any CPU.ActiveCfg = Release|Any CPU
		{84BBFECE-199B-4007-B3B1-890FCA6CE3F2}.Release|Any CPU.Build.0 = Release|Any CPU
		{882A83A0-0C97-497E-9DEA-5B12BB0F2890}.Debug|Any CPU.ActiveCfg = Debug|Any CPU
		{882A83A0-0C97-497E-9DEA-5B12BB0F2890}.Debug|Any CPU.Build.0 = Debug|Any CPU
		{882A83A0-0C97-497E-9DEA-5B12BB0F2890}.Release|Any CPU.ActiveCfg = Release|Any CPU
		{882A83A0-0C97-497E-9DEA-5B12BB0F2890}.Release|Any CPU.Build.0 = Release|Any CPU
	EndGlobalSection
	GlobalSection(SolutionProperties) = preSolution
		HideSolutionNode = FALSE
	EndGlobalSection
	GlobalSection(ExtensibilityGlobals) = postSolution
		SolutionGuid = {E83C9339-D93F-4B0E-B72F-4ED596AB7C3D}
	EndGlobalSection
EndGlobal
