
Microsoft Visual Studio Solution File, Format Version 12.00
# Visual Studio Version 16
VisualStudioVersion = 16.0.32901.82
MinimumVisualStudioVersion = 10.0.40219.1
Project("{FAE04EC0-301F-11D3-BF4B-00C04F79EFBC}") = "ConsoleApp1", "ConsoleApp1\ConsoleApp1.csproj", "{C30C3990-85C0-42EE-A3C0-6EDC8F96A16E}"
EndProject
Global
	GlobalSection(SolutionConfigurationPlatforms) = preSolution
		Debug|Any CPU = Debug|Any CPU
		Release|Any CPU = Release|Any CPU
	EndGlobalSection
	GlobalSection(ProjectConfigurationPlatforms) = postSolution
		{C30C3990-85C0-42EE-A3C0-6EDC8F96A16E}.Debug|Any CPU.ActiveCfg = Debug|Any CPU
		{C30C3990-85C0-42EE-A3C0-6EDC8F96A16E}.Debug|Any CPU.Build.0 = Debug|Any CPU
		{C30C3990-85C0-42EE-A3C0-6EDC8F96A16E}.Release|Any CPU.ActiveCfg = Release|Any CPU
		{C30C3990-85C0-42EE-A3C0-6EDC8F96A16E}.Release|Any CPU.Build.0 = Release|Any CPU
	EndGlobalSection
	GlobalSection(SolutionProperties) = preSolution
		HideSolutionNode = FALSE
	EndGlobalSection
	GlobalSection(ExtensibilityGlobals) = postSolution
		SolutionGuid = {06CA0EFE-05C8-48DD-8557-BE7C5543E7D9}
	EndGlobalSection
EndGlobal
